
Microsoft Visual Studio Solution File, Format Version 12.00
# Visual Studio Version 16
VisualStudioVersion = 16.0.30413.136
MinimumVisualStudioVersion = 10.0.40219.1
Project("{FAE04EC0-301F-11D3-BF4B-00C04F79EFBC}") = "ProcessCapturedNTData", "ProcessCapturedNTData\ProcessCapturedNTData.csproj", "{EE236AFC-934A-45E0-90AE-A55AA66CB7F0}"
EndProject
Global
	GlobalSection(SolutionConfigurationPlatforms) = preSolution
		Debug|Any CPU = Debug|Any CPU
		Release|Any CPU = Release|Any CPU
	EndGlobalSection
	GlobalSection(ProjectConfigurationPlatforms) = postSolution
		{EE236AFC-934A-45E0-90AE-A55AA66CB7F0}.Debug|Any CPU.ActiveCfg = Debug|Any CPU
		{EE236AFC-934A-45E0-90AE-A55AA66CB7F0}.Debug|Any CPU.Build.0 = Debug|Any CPU
		{EE236AFC-934A-45E0-90AE-A55AA66CB7F0}.Release|Any CPU.ActiveCfg = Release|Any CPU
		{EE236AFC-934A-45E0-90AE-A55AA66CB7F0}.Release|Any CPU.Build.0 = Release|Any CPU
	EndGlobalSection
	GlobalSection(SolutionProperties) = preSolution
		HideSolutionNode = FALSE
	EndGlobalSection
	GlobalSection(ExtensibilityGlobals) = postSolution
		SolutionGuid = {15629EFF-F986-44D8-A231-A8DE57F16D92}
	EndGlobalSection
EndGlobal
